
Microsoft Visual Studio Solution File, Format Version 12.00
Project("{FAE04EC0-301F-11D3-BF4B-00C04F79EFBC}") = "lab-6", "lab-6\lab-6.csproj", "{82398F38-AEAE-4C93-90E9-C10CBC0C14E0}"
EndProject
Global
	GlobalSection(SolutionConfigurationPlatforms) = preSolution
		Debug|Any CPU = Debug|Any CPU
		Release|Any CPU = Release|Any CPU
	EndGlobalSection
	GlobalSection(ProjectConfigurationPlatforms) = postSolution
		{82398F38-AEAE-4C93-90E9-C10CBC0C14E0}.Debug|Any CPU.ActiveCfg = Debug|Any CPU
		{82398F38-AEAE-4C93-90E9-C10CBC0C14E0}.Debug|Any CPU.Build.0 = Debug|Any CPU
		{82398F38-AEAE-4C93-90E9-C10CBC0C14E0}.Release|Any CPU.ActiveCfg = Release|Any CPU
		{82398F38-AEAE-4C93-90E9-C10CBC0C14E0}.Release|Any CPU.Build.0 = Release|Any CPU
	EndGlobalSection
EndGlobal
