
Microsoft Visual Studio Solution File, Format Version 12.00
Project("{FAE04EC0-301F-11D3-BF4B-00C04F79EFBC}") = "lab-9", "lab-9\lab-9.csproj", "{369284F8-EB15-4111-9A79-389964840407}"
EndProject
Project("{FAE04EC0-301F-11D3-BF4B-00C04F79EFBC}") = "part-2", "part-2\part-2.csproj", "{3E784C9D-2C1E-4B2C-9A64-957658039EDE}"
EndProject
Global
	GlobalSection(SolutionConfigurationPlatforms) = preSolution
		Debug|Any CPU = Debug|Any CPU
		Release|Any CPU = Release|Any CPU
	EndGlobalSection
	GlobalSection(ProjectConfigurationPlatforms) = postSolution
		{369284F8-EB15-4111-9A79-389964840407}.Debug|Any CPU.ActiveCfg = Debug|Any CPU
		{369284F8-EB15-4111-9A79-389964840407}.Debug|Any CPU.Build.0 = Debug|Any CPU
		{369284F8-EB15-4111-9A79-389964840407}.Release|Any CPU.ActiveCfg = Release|Any CPU
		{369284F8-EB15-4111-9A79-389964840407}.Release|Any CPU.Build.0 = Release|Any CPU
		{3E784C9D-2C1E-4B2C-9A64-957658039EDE}.Debug|Any CPU.ActiveCfg = Debug|Any CPU
		{3E784C9D-2C1E-4B2C-9A64-957658039EDE}.Debug|Any CPU.Build.0 = Debug|Any CPU
		{3E784C9D-2C1E-4B2C-9A64-957658039EDE}.Release|Any CPU.ActiveCfg = Release|Any CPU
		{3E784C9D-2C1E-4B2C-9A64-957658039EDE}.Release|Any CPU.Build.0 = Release|Any CPU
	EndGlobalSection
EndGlobal
