
Microsoft Visual Studio Solution File, Format Version 12.00
Project("{FAE04EC0-301F-11D3-BF4B-00C04F79EFBC}") = "lab-1.2", "lab-1.2\lab-1.2.csproj", "{1A3C73D1-01B3-4969-BA8B-D5FB62E0619C}"
EndProject
Global
	GlobalSection(SolutionConfigurationPlatforms) = preSolution
		Debug|Any CPU = Debug|Any CPU
		Release|Any CPU = Release|Any CPU
	EndGlobalSection
	GlobalSection(ProjectConfigurationPlatforms) = postSolution
		{1A3C73D1-01B3-4969-BA8B-D5FB62E0619C}.Debug|Any CPU.ActiveCfg = Debug|Any CPU
		{1A3C73D1-01B3-4969-BA8B-D5FB62E0619C}.Debug|Any CPU.Build.0 = Debug|Any CPU
		{1A3C73D1-01B3-4969-BA8B-D5FB62E0619C}.Release|Any CPU.ActiveCfg = Release|Any CPU
		{1A3C73D1-01B3-4969-BA8B-D5FB62E0619C}.Release|Any CPU.Build.0 = Release|Any CPU
	EndGlobalSection
EndGlobal
