
Microsoft Visual Studio Solution File, Format Version 12.00
Project("{FAE04EC0-301F-11D3-BF4B-00C04F79EFBC}") = "Part-1", "Part-1\Part-1.csproj", "{048BE0CF-32A2-457D-9C15-DE38FDEDE302}"
EndProject
Project("{FAE04EC0-301F-11D3-BF4B-00C04F79EFBC}") = "Part-2", "Part-2\Part-2.csproj", "{E7C5609D-06CA-48DE-9807-378215DA87A2}"
EndProject
Project("{FAE04EC0-301F-11D3-BF4B-00C04F79EFBC}") = "Part-3", "Part-3\Part-3.csproj", "{3CCBCBC8-4727-4CAA-B5C1-E6C8BBABE44F}"
EndProject
Global
	GlobalSection(SolutionConfigurationPlatforms) = preSolution
		Debug|Any CPU = Debug|Any CPU
		Release|Any CPU = Release|Any CPU
	EndGlobalSection
	GlobalSection(ProjectConfigurationPlatforms) = postSolution
		{048BE0CF-32A2-457D-9C15-DE38FDEDE302}.Debug|Any CPU.ActiveCfg = Debug|Any CPU
		{048BE0CF-32A2-457D-9C15-DE38FDEDE302}.Debug|Any CPU.Build.0 = Debug|Any CPU
		{048BE0CF-32A2-457D-9C15-DE38FDEDE302}.Release|Any CPU.ActiveCfg = Release|Any CPU
		{048BE0CF-32A2-457D-9C15-DE38FDEDE302}.Release|Any CPU.Build.0 = Release|Any CPU
		{E7C5609D-06CA-48DE-9807-378215DA87A2}.Debug|Any CPU.ActiveCfg = Debug|Any CPU
		{E7C5609D-06CA-48DE-9807-378215DA87A2}.Debug|Any CPU.Build.0 = Debug|Any CPU
		{E7C5609D-06CA-48DE-9807-378215DA87A2}.Release|Any CPU.ActiveCfg = Release|Any CPU
		{E7C5609D-06CA-48DE-9807-378215DA87A2}.Release|Any CPU.Build.0 = Release|Any CPU
		{3CCBCBC8-4727-4CAA-B5C1-E6C8BBABE44F}.Debug|Any CPU.ActiveCfg = Debug|Any CPU
		{3CCBCBC8-4727-4CAA-B5C1-E6C8BBABE44F}.Debug|Any CPU.Build.0 = Debug|Any CPU
		{3CCBCBC8-4727-4CAA-B5C1-E6C8BBABE44F}.Release|Any CPU.ActiveCfg = Release|Any CPU
		{3CCBCBC8-4727-4CAA-B5C1-E6C8BBABE44F}.Release|Any CPU.Build.0 = Release|Any CPU
	EndGlobalSection
EndGlobal
