
Microsoft Visual Studio Solution File, Format Version 12.00
Project("{FAE04EC0-301F-11D3-BF4B-00C04F79EFBC}") = "part-1", "part-1\part-1.csproj", "{DBD621BD-B38F-4438-BDD4-9F01ECDC4F5B}"
EndProject
Project("{FAE04EC0-301F-11D3-BF4B-00C04F79EFBC}") = "Logger", "Logger\Logger.csproj", "{8E498B78-03D9-4BAE-8466-A712CABFAF55}"
EndProject
Project("{FAE04EC0-301F-11D3-BF4B-00C04F79EFBC}") = "TCP", "TCP\TCP.csproj", "{47B2C6E2-DE65-4B8A-81F1-462FCC3D734A}"
EndProject
Global
	GlobalSection(SolutionConfigurationPlatforms) = preSolution
		Debug|Any CPU = Debug|Any CPU
		Release|Any CPU = Release|Any CPU
	EndGlobalSection
	GlobalSection(ProjectConfigurationPlatforms) = postSolution
		{DBD621BD-B38F-4438-BDD4-9F01ECDC4F5B}.Debug|Any CPU.ActiveCfg = Debug|Any CPU
		{DBD621BD-B38F-4438-BDD4-9F01ECDC4F5B}.Debug|Any CPU.Build.0 = Debug|Any CPU
		{DBD621BD-B38F-4438-BDD4-9F01ECDC4F5B}.Release|Any CPU.ActiveCfg = Release|Any CPU
		{DBD621BD-B38F-4438-BDD4-9F01ECDC4F5B}.Release|Any CPU.Build.0 = Release|Any CPU
		{8E498B78-03D9-4BAE-8466-A712CABFAF55}.Debug|Any CPU.ActiveCfg = Debug|Any CPU
		{8E498B78-03D9-4BAE-8466-A712CABFAF55}.Debug|Any CPU.Build.0 = Debug|Any CPU
		{8E498B78-03D9-4BAE-8466-A712CABFAF55}.Release|Any CPU.ActiveCfg = Release|Any CPU
		{8E498B78-03D9-4BAE-8466-A712CABFAF55}.Release|Any CPU.Build.0 = Release|Any CPU
		{47B2C6E2-DE65-4B8A-81F1-462FCC3D734A}.Debug|Any CPU.ActiveCfg = Debug|Any CPU
		{47B2C6E2-DE65-4B8A-81F1-462FCC3D734A}.Debug|Any CPU.Build.0 = Debug|Any CPU
		{47B2C6E2-DE65-4B8A-81F1-462FCC3D734A}.Release|Any CPU.ActiveCfg = Release|Any CPU
		{47B2C6E2-DE65-4B8A-81F1-462FCC3D734A}.Release|Any CPU.Build.0 = Release|Any CPU
	EndGlobalSection
EndGlobal
