
Microsoft Visual Studio Solution File, Format Version 12.00
Project("{FAE04EC0-301F-11D3-BF4B-00C04F79EFBC}") = "lab-1.1", "lab-1.1\lab-1.1.csproj", "{BA57BFE9-38EB-4992-8123-4B6FE242E079}"
EndProject
Global
	GlobalSection(SolutionConfigurationPlatforms) = preSolution
		Debug|Any CPU = Debug|Any CPU
		Release|Any CPU = Release|Any CPU
	EndGlobalSection
	GlobalSection(ProjectConfigurationPlatforms) = postSolution
		{BA57BFE9-38EB-4992-8123-4B6FE242E079}.Debug|Any CPU.ActiveCfg = Debug|Any CPU
		{BA57BFE9-38EB-4992-8123-4B6FE242E079}.Debug|Any CPU.Build.0 = Debug|Any CPU
		{BA57BFE9-38EB-4992-8123-4B6FE242E079}.Release|Any CPU.ActiveCfg = Release|Any CPU
		{BA57BFE9-38EB-4992-8123-4B6FE242E079}.Release|Any CPU.Build.0 = Release|Any CPU
	EndGlobalSection
EndGlobal
